
Microsoft Visual Studio Solution File, Format Version 12.00
# Visual Studio Version 17
VisualStudioVersion = 17.12.35209.166
MinimumVisualStudioVersion = 10.0.40219.1
Project("{FAE04EC0-301F-11D3-BF4B-00C04F79EFBC}") = "bloggerMewl.Entities", "bloggerMewl.Entities\bloggerMewl.Entities.csproj", "{55BA9EB6-14B4-4CB5-8E39-5F6958BA63E9}"
EndProject
Project("{FAE04EC0-301F-11D3-BF4B-00C04F79EFBC}") = "bloggerMewl.Data", "bloggerMewl.Data\bloggerMewl.Data.csproj", "{759228D9-5FDB-4BDB-8FB4-E95A1973160F}"
EndProject
Project("{FAE04EC0-301F-11D3-BF4B-00C04F79EFBC}") = "bloggerMewl.Shared", "bloggerMewl.Shared\bloggerMewl.Shared.csproj", "{733150FA-DCF1-405A-86F1-2948A986F669}"
EndProject
Project("{FAE04EC0-301F-11D3-BF4B-00C04F79EFBC}") = "bloggerMewl.Services", "bloggerMewl.Services\bloggerMewl.Services.csproj", "{E29D3FA4-CF2D-4A04-A320-2DFFDE7D73C9}"
EndProject
Project("{FAE04EC0-301F-11D3-BF4B-00C04F79EFBC}") = "bloggerMewl.Mvc", "bloggerMewl.Mvc\bloggerMewl.Mvc.csproj", "{4428B926-D99F-4A08-B685-9B2EA5021BE8}"
EndProject
Project("{2150E333-8FDC-42A3-9474-1A3956D46DE8}") = "Çözüm Öğeleri", "Çözüm Öğeleri", "{E9774821-B4C7-4D9A-9114-B65EA86D4BAC}"
	ProjectSection(SolutionItems) = preProject
		appsettings.json = appsettings.json
	EndProjectSection
EndProject
Global
	GlobalSection(SolutionConfigurationPlatforms) = preSolution
		Debug|Any CPU = Debug|Any CPU
		Release|Any CPU = Release|Any CPU
	EndGlobalSection
	GlobalSection(ProjectConfigurationPlatforms) = postSolution
		{55BA9EB6-14B4-4CB5-8E39-5F6958BA63E9}.Debug|Any CPU.ActiveCfg = Debug|Any CPU
		{55BA9EB6-14B4-4CB5-8E39-5F6958BA63E9}.Debug|Any CPU.Build.0 = Debug|Any CPU
		{55BA9EB6-14B4-4CB5-8E39-5F6958BA63E9}.Release|Any CPU.ActiveCfg = Release|Any CPU
		{55BA9EB6-14B4-4CB5-8E39-5F6958BA63E9}.Release|Any CPU.Build.0 = Release|Any CPU
		{759228D9-5FDB-4BDB-8FB4-E95A1973160F}.Debug|Any CPU.ActiveCfg = Debug|Any CPU
		{759228D9-5FDB-4BDB-8FB4-E95A1973160F}.Debug|Any CPU.Build.0 = Debug|Any CPU
		{759228D9-5FDB-4BDB-8FB4-E95A1973160F}.Release|Any CPU.ActiveCfg = Release|Any CPU
		{759228D9-5FDB-4BDB-8FB4-E95A1973160F}.Release|Any CPU.Build.0 = Release|Any CPU
		{733150FA-DCF1-405A-86F1-2948A986F669}.Debug|Any CPU.ActiveCfg = Debug|Any CPU
		{733150FA-DCF1-405A-86F1-2948A986F669}.Debug|Any CPU.Build.0 = Debug|Any CPU
		{733150FA-DCF1-405A-86F1-2948A986F669}.Release|Any CPU.ActiveCfg = Release|Any CPU
		{733150FA-DCF1-405A-86F1-2948A986F669}.Release|Any CPU.Build.0 = Release|Any CPU
		{E29D3FA4-CF2D-4A04-A320-2DFFDE7D73C9}.Debug|Any CPU.ActiveCfg = Debug|Any CPU
		{E29D3FA4-CF2D-4A04-A320-2DFFDE7D73C9}.Debug|Any CPU.Build.0 = Debug|Any CPU
		{E29D3FA4-CF2D-4A04-A320-2DFFDE7D73C9}.Release|Any CPU.ActiveCfg = Release|Any CPU
		{E29D3FA4-CF2D-4A04-A320-2DFFDE7D73C9}.Release|Any CPU.Build.0 = Release|Any CPU
		{4428B926-D99F-4A08-B685-9B2EA5021BE8}.Debug|Any CPU.ActiveCfg = Debug|Any CPU
		{4428B926-D99F-4A08-B685-9B2EA5021BE8}.Debug|Any CPU.Build.0 = Debug|Any CPU
		{4428B926-D99F-4A08-B685-9B2EA5021BE8}.Release|Any CPU.ActiveCfg = Release|Any CPU
		{4428B926-D99F-4A08-B685-9B2EA5021BE8}.Release|Any CPU.Build.0 = Release|Any CPU
	EndGlobalSection
	GlobalSection(SolutionProperties) = preSolution
		HideSolutionNode = FALSE
	EndGlobalSection
	GlobalSection(ExtensibilityGlobals) = postSolution
		SolutionGuid = {D119E66A-9488-47AB-BA29-00B3BAB38D72}
	EndGlobalSection
EndGlobal
